
Microsoft Visual Studio Solution File, Format Version 12.00
# Visual Studio Version 17
VisualStudioVersion = 17.5.002.0
MinimumVisualStudioVersion = 10.0.40219.1
Project("{9A19103F-16F7-4668-BE54-9A1E7A4F7556}") = "lab1", "lab1.csproj", "{FD9080C2-17E7-4E0E-9D57-D037C05000D2}"
EndProject
Global
	GlobalSection(SolutionConfigurationPlatforms) = preSolution
		Debug|Any CPU = Debug|Any CPU
		Release|Any CPU = Release|Any CPU
	EndGlobalSection
	GlobalSection(ProjectConfigurationPlatforms) = postSolution
		{FD9080C2-17E7-4E0E-9D57-D037C05000D2}.Debug|Any CPU.ActiveCfg = Debug|Any CPU
		{FD9080C2-17E7-4E0E-9D57-D037C05000D2}.Debug|Any CPU.Build.0 = Debug|Any CPU
		{FD9080C2-17E7-4E0E-9D57-D037C05000D2}.Release|Any CPU.ActiveCfg = Release|Any CPU
		{FD9080C2-17E7-4E0E-9D57-D037C05000D2}.Release|Any CPU.Build.0 = Release|Any CPU
	EndGlobalSection
	GlobalSection(SolutionProperties) = preSolution
		HideSolutionNode = FALSE
	EndGlobalSection
	GlobalSection(ExtensibilityGlobals) = postSolution
		SolutionGuid = {D4A0B9B9-D478-4B14-B966-D8161445B259}
	EndGlobalSection
EndGlobal
